
Microsoft Visual Studio Solution File, Format Version 12.00
# Visual Studio Version 17
VisualStudioVersion = 17.6.33801.468
MinimumVisualStudioVersion = 10.0.40219.1
Project("{FAE04EC0-301F-11D3-BF4B-00C04F79EFBC}") = "DynamiSqlBuilderConsole", "src\DynamiSqlBuilderConsole\DynamiSqlBuilderConsole.csproj", "{1655C54C-2135-4AA5-B9A6-A83602DBD350}"
EndProject
Project("{FAE04EC0-301F-11D3-BF4B-00C04F79EFBC}") = "DynamicSqlBuilder_1.Test", "test\DynamicSqlBuilder_1.Test\DynamicSqlBuilder_1.Test.csproj", "{0BBCDD8C-A8EE-4D9D-9E1D-92B4720577FB}"
EndProject
Global
	GlobalSection(SolutionConfigurationPlatforms) = preSolution
		Debug|Any CPU = Debug|Any CPU
		Release|Any CPU = Release|Any CPU
	EndGlobalSection
	GlobalSection(ProjectConfigurationPlatforms) = postSolution
		{1655C54C-2135-4AA5-B9A6-A83602DBD350}.Debug|Any CPU.ActiveCfg = Debug|Any CPU
		{1655C54C-2135-4AA5-B9A6-A83602DBD350}.Debug|Any CPU.Build.0 = Debug|Any CPU
		{1655C54C-2135-4AA5-B9A6-A83602DBD350}.Release|Any CPU.ActiveCfg = Release|Any CPU
		{1655C54C-2135-4AA5-B9A6-A83602DBD350}.Release|Any CPU.Build.0 = Release|Any CPU
		{0BBCDD8C-A8EE-4D9D-9E1D-92B4720577FB}.Debug|Any CPU.ActiveCfg = Debug|Any CPU
		{0BBCDD8C-A8EE-4D9D-9E1D-92B4720577FB}.Debug|Any CPU.Build.0 = Debug|Any CPU
		{0BBCDD8C-A8EE-4D9D-9E1D-92B4720577FB}.Release|Any CPU.ActiveCfg = Release|Any CPU
		{0BBCDD8C-A8EE-4D9D-9E1D-92B4720577FB}.Release|Any CPU.Build.0 = Release|Any CPU
	EndGlobalSection
	GlobalSection(SolutionProperties) = preSolution
		HideSolutionNode = FALSE
	EndGlobalSection
	GlobalSection(ExtensibilityGlobals) = postSolution
		SolutionGuid = {DE8C2F93-EA3E-46BC-8C31-3EBEB727D998}
	EndGlobalSection
EndGlobal
